// !$*UTF8*$!
{
	archiveVersion = 1;
	classes = {
	};
	objectVersion = 51;
	objects = {

/* Begin PBXBuildFile section */
		8820333C258A088E00E601B5 /* ContentViewController.swift in Sources */ = {isa = PBXBuildFile; fileRef = 8820333B258A088E00E601B5 /* ContentViewController.swift */; };
		8850D7DB258AF00B00D87350 /* WidgetKit.framework in Frameworks */ = {isa = PBXBuildFile; fileRef = 8850D7DA258AF00B00D87350 /* WidgetKit.framework */; };
		8850D7DD258AF00B00D87350 /* SwiftUI.framework in Frameworks */ = {isa = PBXBuildFile; fileRef = 8850D7DC258AF00B00D87350 /* SwiftUI.framework */; };
		8850D7E0258AF00B00D87350 /* SCCalendarWidget.swift in Sources */ = {isa = PBXBuildFile; fileRef = 8850D7DF258AF00B00D87350 /* SCCalendarWidget.swift */; };
		8850D7E3258AF00C00D87350 /* Assets.xcassets in Resources */ = {isa = PBXBuildFile; fileRef = 8850D7E2258AF00C00D87350 /* Assets.xcassets */; };
		8850D7E5258AF00C00D87350 /* SCCalendarWidget.intentdefinition in Sources */ = {isa = PBXBuildFile; fileRef = 8850D7E1258AF00B00D87350 /* SCCalendarWidget.intentdefinition */; };
		8850D7E6258AF00C00D87350 /* SCCalendarWidget.intentdefinition in Sources */ = {isa = PBXBuildFile; fileRef = 8850D7E1258AF00B00D87350 /* SCCalendarWidget.intentdefinition */; };
		8850D7E9258AF00C00D87350 /* SCCalendarWidgetExtension.appex in Embed App Extensions */ = {isa = PBXBuildFile; fileRef = 8850D7D9258AF00B00D87350 /* SCCalendarWidgetExtension.appex */; settings = {ATTRIBUTES = (RemoveHeadersOnCopy, ); }; };
		885A66EA2593414D00EB592F /* CalendarModel.swift in Sources */ = {isa = PBXBuildFile; fileRef = 885A66E82593414D00EB592F /* CalendarModel.swift */; };
		885ADF6A2594331100C691FE /* 2021.json in Resources */ = {isa = PBXBuildFile; fileRef = 885ADF692594330E00C691FE /* 2021.json */; };
		885ADF70259433B300C691FE /* CalendarModel.swift in Sources */ = {isa = PBXBuildFile; fileRef = 885ADF6F259433AF00C691FE /* CalendarModel.swift */; };
		8E30789025938C0900B5FBE3 /* 2021.json in Resources */ = {isa = PBXBuildFile; fileRef = 8E30788F25938C0900B5FBE3 /* 2021.json */; };
		8EE415572588F44C00F8D0F6 /* AppDelegate.swift in Sources */ = {isa = PBXBuildFile; fileRef = 8EE415562588F44C00F8D0F6 /* AppDelegate.swift */; };
		8EE415592588F44C00F8D0F6 /* SceneDelegate.swift in Sources */ = {isa = PBXBuildFile; fileRef = 8EE415582588F44C00F8D0F6 /* SceneDelegate.swift */; };
		8EE4155B2588F44C00F8D0F6 /* ViewController.swift in Sources */ = {isa = PBXBuildFile; fileRef = 8EE4155A2588F44C00F8D0F6 /* ViewController.swift */; };
		8EE4155E2588F44C00F8D0F6 /* Main.storyboard in Resources */ = {isa = PBXBuildFile; fileRef = 8EE4155C2588F44C00F8D0F6 /* Main.storyboard */; };
		8EE415602588F44E00F8D0F6 /* Assets.xcassets in Resources */ = {isa = PBXBuildFile; fileRef = 8EE4155F2588F44E00F8D0F6 /* Assets.xcassets */; };
		8EE415632588F44E00F8D0F6 /* LaunchScreen.storyboard in Resources */ = {isa = PBXBuildFile; fileRef = 8EE415612588F44E00F8D0F6 /* LaunchScreen.storyboard */; };
		A5D258A45C2D4DC46E526FEA /* Pods_SCCalendar.framework in Frameworks */ = {isa = PBXBuildFile; fileRef = 001AC7C4A7FC32568F1D46F5 /* Pods_SCCalendar.framework */; };
		CDF9F12B4922F7FBB27DBA36 /* Pods_SCCalendar.framework in Frameworks */ = {isa = PBXBuildFile; fileRef = 885ADF4525942EA800C691FE /* Pods_SCCalendar.framework */; };
/* End PBXBuildFile section */

/* Begin PBXContainerItemProxy section */
		8850D7E7258AF00C00D87350 /* PBXContainerItemProxy */ = {
			isa = PBXContainerItemProxy;
			containerPortal = 8EE4154B2588F44C00F8D0F6 /* Project object */;
			proxyType = 1;
			remoteGlobalIDString = 8850D7D8258AF00B00D87350;
			remoteInfo = SCCalendarWidgetExtension;
		};
/* End PBXContainerItemProxy section */

/* Begin PBXCopyFilesBuildPhase section */
		8850D7EA258AF00C00D87350 /* Embed App Extensions */ = {
			isa = PBXCopyFilesBuildPhase;
			buildActionMask = 2147483647;
			dstPath = "";
			dstSubfolderSpec = 13;
			files = (
				8850D7E9258AF00C00D87350 /* SCCalendarWidgetExtension.appex in Embed App Extensions */,
			);
			name = "Embed App Extensions";
			runOnlyForDeploymentPostprocessing = 0;
		};
/* End PBXCopyFilesBuildPhase section */

/* Begin PBXFileReference section */
		001AC7C4A7FC32568F1D46F5 /* Pods_SCCalendar.framework */ = {isa = PBXFileReference; explicitFileType = wrapper.framework; includeInIndex = 0; path = Pods_SCCalendar.framework; sourceTree = BUILT_PRODUCTS_DIR; };
		64470BD632DFDE93BECC6D84 /* Pods-SCCalendar.release.xcconfig */ = {isa = PBXFileReference; includeInIndex = 1; lastKnownFileType = text.xcconfig; name = "Pods-SCCalendar.release.xcconfig"; path = "Target Support Files/Pods-SCCalendar/Pods-SCCalendar.release.xcconfig"; sourceTree = "<group>"; };
		8820333B258A088E00E601B5 /* ContentViewController.swift */ = {isa = PBXFileReference; lastKnownFileType = sourcecode.swift; path = ContentViewController.swift; sourceTree = "<group>"; };
		8850D7D9258AF00B00D87350 /* SCCalendarWidgetExtension.appex */ = {isa = PBXFileReference; explicitFileType = "wrapper.app-extension"; includeInIndex = 0; path = SCCalendarWidgetExtension.appex; sourceTree = BUILT_PRODUCTS_DIR; };
		8850D7DA258AF00B00D87350 /* WidgetKit.framework */ = {isa = PBXFileReference; lastKnownFileType = wrapper.framework; name = WidgetKit.framework; path = System/Library/Frameworks/WidgetKit.framework; sourceTree = SDKROOT; };
		8850D7DC258AF00B00D87350 /* SwiftUI.framework */ = {isa = PBXFileReference; lastKnownFileType = wrapper.framework; name = SwiftUI.framework; path = System/Library/Frameworks/SwiftUI.framework; sourceTree = SDKROOT; };
		8850D7DF258AF00B00D87350 /* SCCalendarWidget.swift */ = {isa = PBXFileReference; lastKnownFileType = sourcecode.swift; path = SCCalendarWidget.swift; sourceTree = "<group>"; };
		8850D7E1258AF00B00D87350 /* SCCalendarWidget.intentdefinition */ = {isa = PBXFileReference; lastKnownFileType = file.intentdefinition; path = SCCalendarWidget.intentdefinition; sourceTree = "<group>"; };
		8850D7E2258AF00C00D87350 /* Assets.xcassets */ = {isa = PBXFileReference; lastKnownFileType = folder.assetcatalog; path = Assets.xcassets; sourceTree = "<group>"; };
		8850D7E4258AF00C00D87350 /* Info.plist */ = {isa = PBXFileReference; lastKnownFileType = text.plist.xml; path = Info.plist; sourceTree = "<group>"; };
		885A66E82593414D00EB592F /* CalendarModel.swift */ = {isa = PBXFileReference; fileEncoding = 4; lastKnownFileType = sourcecode.swift; path = CalendarModel.swift; sourceTree = "<group>"; };
		885ADF4525942EA800C691FE /* Pods_SCCalendar.framework */ = {isa = PBXFileReference; explicitFileType = wrapper.framework; path = Pods_SCCalendar.framework; sourceTree = BUILT_PRODUCTS_DIR; };
		885ADF5D259431A800C691FE /* SwiftDate.framework */ = {isa = PBXFileReference; explicitFileType = wrapper.framework; path = SwiftDate.framework; sourceTree = BUILT_PRODUCTS_DIR; };
		885ADF692594330E00C691FE /* 2021.json */ = {isa = PBXFileReference; lastKnownFileType = text.json; path = 2021.json; sourceTree = "<group>"; };
		885ADF6F259433AF00C691FE /* CalendarModel.swift */ = {isa = PBXFileReference; lastKnownFileType = sourcecode.swift; path = CalendarModel.swift; sourceTree = "<group>"; };
		885ADF73259433D400C691FE /* SwiftDate.framework */ = {isa = PBXFileReference; explicitFileType = wrapper.framework; path = SwiftDate.framework; sourceTree = BUILT_PRODUCTS_DIR; };
		8E30788F25938C0900B5FBE3 /* 2021.json */ = {isa = PBXFileReference; fileEncoding = 4; lastKnownFileType = text.json; path = 2021.json; sourceTree = "<group>"; };
		8EE415532588F44C00F8D0F6 /* SCCalendar.app */ = {isa = PBXFileReference; explicitFileType = wrapper.application; includeInIndex = 0; path = SCCalendar.app; sourceTree = BUILT_PRODUCTS_DIR; };
		8EE415562588F44C00F8D0F6 /* AppDelegate.swift */ = {isa = PBXFileReference; lastKnownFileType = sourcecode.swift; path = AppDelegate.swift; sourceTree = "<group>"; };
		8EE415582588F44C00F8D0F6 /* SceneDelegate.swift */ = {isa = PBXFileReference; lastKnownFileType = sourcecode.swift; path = SceneDelegate.swift; sourceTree = "<group>"; };
		8EE4155A2588F44C00F8D0F6 /* ViewController.swift */ = {isa = PBXFileReference; lastKnownFileType = sourcecode.swift; path = ViewController.swift; sourceTree = "<group>"; };
		8EE4155D2588F44C00F8D0F6 /* Base */ = {isa = PBXFileReference; lastKnownFileType = file.storyboard; name = Base; path = Base.lproj/Main.storyboard; sourceTree = "<group>"; };
		8EE4155F2588F44E00F8D0F6 /* Assets.xcassets */ = {isa = PBXFileReference; lastKnownFileType = folder.assetcatalog; path = Assets.xcassets; sourceTree = "<group>"; };
		8EE415622588F44E00F8D0F6 /* Base */ = {isa = PBXFileReference; lastKnownFileType = file.storyboard; name = Base; path = Base.lproj/LaunchScreen.storyboard; sourceTree = "<group>"; };
		8EE415642588F44E00F8D0F6 /* Info.plist */ = {isa = PBXFileReference; lastKnownFileType = text.plist.xml; path = Info.plist; sourceTree = "<group>"; };
		A2CC313BC712F788CF6E951A /* Pods-SCCalendar.debug.xcconfig */ = {isa = PBXFileReference; includeInIndex = 1; lastKnownFileType = text.xcconfig; name = "Pods-SCCalendar.debug.xcconfig"; path = "Target Support Files/Pods-SCCalendar/Pods-SCCalendar.debug.xcconfig"; sourceTree = "<group>"; };
/* End PBXFileReference section */

/* Begin PBXFrameworksBuildPhase section */
		8850D7D6258AF00B00D87350 /* Frameworks */ = {
			isa = PBXFrameworksBuildPhase;
			buildActionMask = 2147483647;
			files = (
				8850D7DD258AF00B00D87350 /* SwiftUI.framework in Frameworks */,
				8850D7DB258AF00B00D87350 /* WidgetKit.framework in Frameworks */,
			);
			runOnlyForDeploymentPostprocessing = 0;
		};
		8EE415502588F44C00F8D0F6 /* Frameworks */ = {
			isa = PBXFrameworksBuildPhase;
			buildActionMask = 2147483647;
			files = (
				A5D258A45C2D4DC46E526FEA /* Pods_SCCalendar.framework in Frameworks */,
				CDF9F12B4922F7FBB27DBA36 /* Pods_SCCalendar.framework in Frameworks */,
			);
			runOnlyForDeploymentPostprocessing = 0;
		};
/* End PBXFrameworksBuildPhase section */

/* Begin PBXGroup section */
		884C67272591E9A0008585ED /* Calendar */ = {
			isa = PBXGroup;
			children = (
				8E30788F25938C0900B5FBE3 /* 2021.json */,
				885A66E82593414D00EB592F /* CalendarModel.swift */,
				8EE4155A2588F44C00F8D0F6 /* ViewController.swift */,
				8820333B258A088E00E601B5 /* ContentViewController.swift */,
			);
			path = Calendar;
			sourceTree = "<group>";
		};
		8850D7DE258AF00B00D87350 /* SCCalendarWidget */ = {
			isa = PBXGroup;
			children = (
				885ADF6F259433AF00C691FE /* CalendarModel.swift */,
				885ADF692594330E00C691FE /* 2021.json */,
				8850D7DF258AF00B00D87350 /* SCCalendarWidget.swift */,
				8850D7E1258AF00B00D87350 /* SCCalendarWidget.intentdefinition */,
				8850D7E2258AF00C00D87350 /* Assets.xcassets */,
				8850D7E4258AF00C00D87350 /* Info.plist */,
			);
			path = SCCalendarWidget;
			sourceTree = "<group>";
		};
		8EE4154A2588F44C00F8D0F6 = {
			isa = PBXGroup;
			children = (
				8EE415552588F44C00F8D0F6 /* SCCalendar */,
				8850D7DE258AF00B00D87350 /* SCCalendarWidget */,
				8EE415542588F44C00F8D0F6 /* Products */,
				A5EA1B917A00B8F7BD502639 /* Pods */,
				B3A9DAA51423BDFA5BF17544 /* Frameworks */,
			);
			sourceTree = "<group>";
		};
		8EE415542588F44C00F8D0F6 /* Products */ = {
			isa = PBXGroup;
			children = (
				8EE415532588F44C00F8D0F6 /* SCCalendar.app */,
				8850D7D9258AF00B00D87350 /* SCCalendarWidgetExtension.appex */,
			);
			name = Products;
			sourceTree = "<group>";
		};
		8EE415552588F44C00F8D0F6 /* SCCalendar */ = {
			isa = PBXGroup;
			children = (
				884C67272591E9A0008585ED /* Calendar */,
				8EE415562588F44C00F8D0F6 /* AppDelegate.swift */,
				8EE415582588F44C00F8D0F6 /* SceneDelegate.swift */,
				8EE4155C2588F44C00F8D0F6 /* Main.storyboard */,
				8EE4155F2588F44E00F8D0F6 /* Assets.xcassets */,
				8EE415612588F44E00F8D0F6 /* LaunchScreen.storyboard */,
				8EE415642588F44E00F8D0F6 /* Info.plist */,
			);
			path = SCCalendar;
			sourceTree = "<group>";
		};
		A5EA1B917A00B8F7BD502639 /* Pods */ = {
			isa = PBXGroup;
			children = (
				A2CC313BC712F788CF6E951A /* Pods-SCCalendar.debug.xcconfig */,
				64470BD632DFDE93BECC6D84 /* Pods-SCCalendar.release.xcconfig */,
			);
			path = Pods;
			sourceTree = "<group>";
		};
		B3A9DAA51423BDFA5BF17544 /* Frameworks */ = {
			isa = PBXGroup;
			children = (
				885ADF73259433D400C691FE /* SwiftDate.framework */,
				885ADF5D259431A800C691FE /* SwiftDate.framework */,
				885ADF4525942EA800C691FE /* Pods_SCCalendar.framework */,
				001AC7C4A7FC32568F1D46F5 /* Pods_SCCalendar.framework */,
				8850D7DA258AF00B00D87350 /* WidgetKit.framework */,
				8850D7DC258AF00B00D87350 /* SwiftUI.framework */,
			);
			name = Frameworks;
			sourceTree = "<group>";
		};
/* End PBXGroup section */

/* Begin PBXNativeTarget section */
		8850D7D8258AF00B00D87350 /* SCCalendarWidgetExtension */ = {
			isa = PBXNativeTarget;
			buildConfigurationList = 8850D7ED258AF00C00D87350 /* Build configuration list for PBXNativeTarget "SCCalendarWidgetExtension" */;
			buildPhases = (
				8850D7D5258AF00B00D87350 /* Sources */,
				8850D7D6258AF00B00D87350 /* Frameworks */,
				8850D7D7258AF00B00D87350 /* Resources */,
			);
			buildRules = (
			);
			dependencies = (
			);
			name = SCCalendarWidgetExtension;
			productName = SCCalendarWidgetExtension;
			productReference = 8850D7D9258AF00B00D87350 /* SCCalendarWidgetExtension.appex */;
			productType = "com.apple.product-type.app-extension";
		};
		8EE415522588F44C00F8D0F6 /* SCCalendar */ = {
			isa = PBXNativeTarget;
			buildConfigurationList = 8EE415672588F44E00F8D0F6 /* Build configuration list for PBXNativeTarget "SCCalendar" */;
			buildPhases = (
				73AB594D22D25FC73D4CA366 /* [CP] Check Pods Manifest.lock */,
				8EE4154F2588F44C00F8D0F6 /* Sources */,
				8EE415502588F44C00F8D0F6 /* Frameworks */,
				8EE415512588F44C00F8D0F6 /* Resources */,
				E6A5EB58EEBED7DF542EC75D /* [CP] Embed Pods Frameworks */,
				8850D7EA258AF00C00D87350 /* Embed App Extensions */,
			);
			buildRules = (
			);
			dependencies = (
				8850D7E8258AF00C00D87350 /* PBXTargetDependency */,
			);
			name = SCCalendar;
			productName = SCCalendar;
			productReference = 8EE415532588F44C00F8D0F6 /* SCCalendar.app */;
			productType = "com.apple.product-type.application";
		};
/* End PBXNativeTarget section */

/* Begin PBXProject section */
		8EE4154B2588F44C00F8D0F6 /* Project object */ = {
			isa = PBXProject;
			attributes = {
				LastSwiftUpdateCheck = 1200;
				LastUpgradeCheck = 1210;
				TargetAttributes = {
					8850D7D8258AF00B00D87350 = {
						CreatedOnToolsVersion = 12.0.1;
					};
					8EE415522588F44C00F8D0F6 = {
						CreatedOnToolsVersion = 12.1.1;
					};
				};
			};
			buildConfigurationList = 8EE4154E2588F44C00F8D0F6 /* Build configuration list for PBXProject "SCCalendar" */;
			compatibilityVersion = "Xcode 9.3";
			developmentRegion = en;
			hasScannedForEncodings = 0;
			knownRegions = (
				en,
				Base,
			);
			mainGroup = 8EE4154A2588F44C00F8D0F6;
			productRefGroup = 8EE415542588F44C00F8D0F6 /* Products */;
			projectDirPath = "";
			projectRoot = "";
			targets = (
				8EE415522588F44C00F8D0F6 /* SCCalendar */,
				8850D7D8258AF00B00D87350 /* SCCalendarWidgetExtension */,
			);
		};
/* End PBXProject section */

/* Begin PBXResourcesBuildPhase section */
		8850D7D7258AF00B00D87350 /* Resources */ = {
			isa = PBXResourcesBuildPhase;
			buildActionMask = 2147483647;
			files = (
				885ADF6A2594331100C691FE /* 2021.json in Resources */,
				8850D7E3258AF00C00D87350 /* Assets.xcassets in Resources */,
			);
			runOnlyForDeploymentPostprocessing = 0;
		};
		8EE415512588F44C00F8D0F6 /* Resources */ = {
			isa = PBXResourcesBuildPhase;
			buildActionMask = 2147483647;
			files = (
				8EE415632588F44E00F8D0F6 /* LaunchScreen.storyboard in Resources */,
				8EE415602588F44E00F8D0F6 /* Assets.xcassets in Resources */,
				8EE4155E2588F44C00F8D0F6 /* Main.storyboard in Resources */,
				8E30789025938C0900B5FBE3 /* 2021.json in Resources */,
			);
			runOnlyForDeploymentPostprocessing = 0;
		};
/* End PBXResourcesBuildPhase section */

/* Begin PBXShellScriptBuildPhase section */
		73AB594D22D25FC73D4CA366 /* [CP] Check Pods Manifest.lock */ = {
			isa = PBXShellScriptBuildPhase;
			buildActionMask = 2147483647;
			files = (
			);
			inputFileListPaths = (
			);
			inputPaths = (
				"${PODS_PODFILE_DIR_PATH}/Podfile.lock",
				"${PODS_ROOT}/Manifest.lock",
			);
			name = "[CP] Check Pods Manifest.lock";
			outputFileListPaths = (
			);
			outputPaths = (
				"$(DERIVED_FILE_DIR)/Pods-SCCalendar-checkManifestLockResult.txt",
			);
			runOnlyForDeploymentPostprocessing = 0;
			shellPath = /bin/sh;
			shellScript = "diff \"${PODS_PODFILE_DIR_PATH}/Podfile.lock\" \"${PODS_ROOT}/Manifest.lock\" > /dev/null\nif [ $? != 0 ] ; then\n    # print error to STDERR\n    echo \"error: The sandbox is not in sync with the Podfile.lock. Run 'pod install' or update your CocoaPods installation.\" >&2\n    exit 1\nfi\n# This output is used by Xcode 'outputs' to avoid re-running this script phase.\necho \"SUCCESS\" > \"${SCRIPT_OUTPUT_FILE_0}\"\n";
			showEnvVarsInLog = 0;
		};
		E6A5EB58EEBED7DF542EC75D /* [CP] Embed Pods Frameworks */ = {
			isa = PBXShellScriptBuildPhase;
			buildActionMask = 2147483647;
			files = (
			);
			inputFileListPaths = (
				"${PODS_ROOT}/Target Support Files/Pods-SCCalendar/Pods-SCCalendar-frameworks-${CONFIGURATION}-input-files.xcfilelist",
			);
			name = "[CP] Embed Pods Frameworks";
			outputFileListPaths = (
				"${PODS_ROOT}/Target Support Files/Pods-SCCalendar/Pods-SCCalendar-frameworks-${CONFIGURATION}-output-files.xcfilelist",
			);
			runOnlyForDeploymentPostprocessing = 0;
			shellPath = /bin/sh;
			shellScript = "\"${PODS_ROOT}/Target Support Files/Pods-SCCalendar/Pods-SCCalendar-frameworks.sh\"\n";
			showEnvVarsInLog = 0;
		};
/* End PBXShellScriptBuildPhase section */

/* Begin PBXSourcesBuildPhase section */
		8850D7D5258AF00B00D87350 /* Sources */ = {
			isa = PBXSourcesBuildPhase;
			buildActionMask = 2147483647;
			files = (
				8850D7E5258AF00C00D87350 /* SCCalendarWidget.intentdefinition in Sources */,
				885ADF70259433B300C691FE /* CalendarModel.swift in Sources */,
				8850D7E0258AF00B00D87350 /* SCCalendarWidget.swift in Sources */,
			);
			runOnlyForDeploymentPostprocessing = 0;
		};
		8EE4154F2588F44C00F8D0F6 /* Sources */ = {
			isa = PBXSourcesBuildPhase;
			buildActionMask = 2147483647;
			files = (
				885A66EA2593414D00EB592F /* CalendarModel.swift in Sources */,
				8850D7E6258AF00C00D87350 /* SCCalendarWidget.intentdefinition in Sources */,
				8820333C258A088E00E601B5 /* ContentViewController.swift in Sources */,
				8EE4155B2588F44C00F8D0F6 /* ViewController.swift in Sources */,
				8EE415572588F44C00F8D0F6 /* AppDelegate.swift in Sources */,
				8EE415592588F44C00F8D0F6 /* SceneDelegate.swift in Sources */,
			);
			runOnlyForDeploymentPostprocessing = 0;
		};
/* End PBXSourcesBuildPhase section */

/* Begin PBXTargetDependency section */
		8850D7E8258AF00C00D87350 /* PBXTargetDependency */ = {
			isa = PBXTargetDependency;
			target = 8850D7D8258AF00B00D87350 /* SCCalendarWidgetExtension */;
			targetProxy = 8850D7E7258AF00C00D87350 /* PBXContainerItemProxy */;
		};
/* End PBXTargetDependency section */

/* Begin PBXVariantGroup section */
		8EE4155C2588F44C00F8D0F6 /* Main.storyboard */ = {
			isa = PBXVariantGroup;
			children = (
				8EE4155D2588F44C00F8D0F6 /* Base */,
			);
			name = Main.storyboard;
			sourceTree = "<group>";
		};
		8EE415612588F44E00F8D0F6 /* LaunchScreen.storyboard */ = {
			isa = PBXVariantGroup;
			children = (
				8EE415622588F44E00F8D0F6 /* Base */,
			);
			name = LaunchScreen.storyboard;
			sourceTree = "<group>";
		};
/* End PBXVariantGroup section */

/* Begin XCBuildConfiguration section */
		8850D7EB258AF00C00D87350 /* Debug */ = {
			isa = XCBuildConfiguration;
			buildSettings = {
				ASSETCATALOG_COMPILER_GLOBAL_ACCENT_COLOR_NAME = AccentColor;
				ASSETCATALOG_COMPILER_WIDGET_BACKGROUND_COLOR_NAME = WidgetBackground;
				CODE_SIGN_STYLE = Automatic;
				DEVELOPMENT_TEAM = FA6LA8D4RM;
				INFOPLIST_FILE = SCCalendarWidget/Info.plist;
				LD_RUNPATH_SEARCH_PATHS = (
					"$(inherited)",
					"@executable_path/Frameworks",
					"@executable_path/../../Frameworks",
				);
				PRODUCT_BUNDLE_IDENTIFIER = com.SCCalendar.SCCalendarWidget;
				PRODUCT_NAME = "$(TARGET_NAME)";
				SKIP_INSTALL = YES;
				SWIFT_VERSION = 5.0;
				TARGETED_DEVICE_FAMILY = "1,2";
			};
			name = Debug;
		};
		8850D7EC258AF00C00D87350 /* Release */ = {
			isa = XCBuildConfiguration;
			buildSettings = {
				ASSETCATALOG_COMPILER_GLOBAL_ACCENT_COLOR_NAME = AccentColor;
				ASSETCATALOG_COMPILER_WIDGET_BACKGROUND_COLOR_NAME = WidgetBackground;
				CODE_SIGN_STYLE = Automatic;
				DEVELOPMENT_TEAM = FA6LA8D4RM;
				INFOPLIST_FILE = SCCalendarWidget/Info.plist;
				LD_RUNPATH_SEARCH_PATHS = (
					"$(inherited)",
					"@executable_path/Frameworks",
					"@executable_path/../../Frameworks",
				);
				PRODUCT_BUNDLE_IDENTIFIER = com.SCCalendar.SCCalendarWidget;
				PRODUCT_NAME = "$(TARGET_NAME)";
				SKIP_INSTALL = YES;
				SWIFT_VERSION = 5.0;
				TARGETED_DEVICE_FAMILY = "1,2";
			};
			name = Release;
		};
		8EE415652588F44E00F8D0F6 /* Debug */ = {
			isa = XCBuildConfiguration;
			buildSettings = {
				ALWAYS_SEARCH_USER_PATHS = NO;
				CLANG_ANALYZER_NONNULL = YES;
				CLANG_ANALYZER_NUMBER_OBJECT_CONVERSION = YES_AGGRESSIVE;
				CLANG_CXX_LANGUAGE_STANDARD = "gnu++14";
				CLANG_CXX_LIBRARY = "libc++";
				CLANG_ENABLE_MODULES = YES;
				CLANG_ENABLE_OBJC_ARC = YES;
				CLANG_ENABLE_OBJC_WEAK = YES;
				CLANG_WARN_BLOCK_CAPTURE_AUTORELEASING = YES;
				CLANG_WARN_BOOL_CONVERSION = YES;
				CLANG_WARN_COMMA = YES;
				CLANG_WARN_CONSTANT_CONVERSION = YES;
				CLANG_WARN_DEPRECATED_OBJC_IMPLEMENTATIONS = YES;
				CLANG_WARN_DIRECT_OBJC_ISA_USAGE = YES_ERROR;
				CLANG_WARN_DOCUMENTATION_COMMENTS = YES;
				CLANG_WARN_EMPTY_BODY = YES;
				CLANG_WARN_ENUM_CONVERSION = YES;
				CLANG_WARN_INFINITE_RECURSION = YES;
				CLANG_WARN_INT_CONVERSION = YES;
				CLANG_WARN_NON_LITERAL_NULL_CONVERSION = YES;
				CLANG_WARN_OBJC_IMPLICIT_RETAIN_SELF = YES;
				CLANG_WARN_OBJC_LITERAL_CONVERSION = YES;
				CLANG_WARN_OBJC_ROOT_CLASS = YES_ERROR;
				CLANG_WARN_QUOTED_INCLUDE_IN_FRAMEWORK_HEADER = YES;
				CLANG_WARN_RANGE_LOOP_ANALYSIS = YES;
				CLANG_WARN_STRICT_PROTOTYPES = YES;
				CLANG_WARN_SUSPICIOUS_MOVE = YES;
				CLANG_WARN_UNGUARDED_AVAILABILITY = YES_AGGRESSIVE;
				CLANG_WARN_UNREACHABLE_CODE = YES;
				CLANG_WARN__DUPLICATE_METHOD_MATCH = YES;
				COPY_PHASE_STRIP = NO;
				DEBUG_INFORMATION_FORMAT = dwarf;
				ENABLE_STRICT_OBJC_MSGSEND = YES;
				ENABLE_TESTABILITY = YES;
				GCC_C_LANGUAGE_STANDARD = gnu11;
				GCC_DYNAMIC_NO_PIC = NO;
				GCC_NO_COMMON_BLOCKS = YES;
				GCC_OPTIMIZATION_LEVEL = 0;
				GCC_PREPROCESSOR_DEFINITIONS = (
					"DEBUG=1",
					"$(inherited)",
				);
				GCC_WARN_64_TO_32_BIT_CONVERSION = YES;
				GCC_WARN_ABOUT_RETURN_TYPE = YES_ERROR;
				GCC_WARN_UNDECLARED_SELECTOR = YES;
				GCC_WARN_UNINITIALIZED_AUTOS = YES_AGGRESSIVE;
				GCC_WARN_UNUSED_FUNCTION = YES;
				GCC_WARN_UNUSED_VARIABLE = YES;
				IPHONEOS_DEPLOYMENT_TARGET = 14.0;
				MTL_ENABLE_DEBUG_INFO = INCLUDE_SOURCE;
				MTL_FAST_MATH = YES;
				ONLY_ACTIVE_ARCH = YES;
				SDKROOT = iphoneos;
				SWIFT_ACTIVE_COMPILATION_CONDITIONS = DEBUG;
				SWIFT_OPTIMIZATION_LEVEL = "-Onone";
			};
			name = Debug;
		};
		8EE415662588F44E00F8D0F6 /* Release */ = {
			isa = XCBuildConfiguration;
			buildSettings = {
				ALWAYS_SEARCH_USER_PATHS = NO;
				CLANG_ANALYZER_NONNULL = YES;
				CLANG_ANALYZER_NUMBER_OBJECT_CONVERSION = YES_AGGRESSIVE;
				CLANG_CXX_LANGUAGE_STANDARD = "gnu++14";
				CLANG_CXX_LIBRARY = "libc++";
				CLANG_ENABLE_MODULES = YES;
				CLANG_ENABLE_OBJC_ARC = YES;
				CLANG_ENABLE_OBJC_WEAK = YES;
				CLANG_WARN_BLOCK_CAPTURE_AUTORELEASING = YES;
				CLANG_WARN_BOOL_CONVERSION = YES;
				CLANG_WARN_COMMA = YES;
				CLANG_WARN_CONSTANT_CONVERSION = YES;
				CLANG_WARN_DEPRECATED_OBJC_IMPLEMENTATIONS = YES;
				CLANG_WARN_DIRECT_OBJC_ISA_USAGE = YES_ERROR;
				CLANG_WARN_DOCUMENTATION_COMMENTS = YES;
				CLANG_WARN_EMPTY_BODY = YES;
				CLANG_WARN_ENUM_CONVERSION = YES;
				CLANG_WARN_INFINITE_RECURSION = YES;
				CLANG_WARN_INT_CONVERSION = YES;
				CLANG_WARN_NON_LITERAL_NULL_CONVERSION = YES;
				CLANG_WARN_OBJC_IMPLICIT_RETAIN_SELF = YES;
				CLANG_WARN_OBJC_LITERAL_CONVERSION = YES;
				CLANG_WARN_OBJC_ROOT_CLASS = YES_ERROR;
				CLANG_WARN_QUOTED_INCLUDE_IN_FRAMEWORK_HEADER = YES;
				CLANG_WARN_RANGE_LOOP_ANALYSIS = YES;
				CLANG_WARN_STRICT_PROTOTYPES = YES;
				CLANG_WARN_SUSPICIOUS_MOVE = YES;
				CLANG_WARN_UNGUARDED_AVAILABILITY = YES_AGGRESSIVE;
				CLANG_WARN_UNREACHABLE_CODE = YES;
				CLANG_WARN__DUPLICATE_METHOD_MATCH = YES;
				COPY_PHASE_STRIP = NO;
				DEBUG_INFORMATION_FORMAT = "dwarf-with-dsym";
				ENABLE_NS_ASSERTIONS = NO;
				ENABLE_STRICT_OBJC_MSGSEND = YES;
				GCC_C_LANGUAGE_STANDARD = gnu11;
				GCC_NO_COMMON_BLOCKS = YES;
				GCC_WARN_64_TO_32_BIT_CONVERSION = YES;
				GCC_WARN_ABOUT_RETURN_TYPE = YES_ERROR;
				GCC_WARN_UNDECLARED_SELECTOR = YES;
				GCC_WARN_UNINITIALIZED_AUTOS = YES_AGGRESSIVE;
				GCC_WARN_UNUSED_FUNCTION = YES;
				GCC_WARN_UNUSED_VARIABLE = YES;
				IPHONEOS_DEPLOYMENT_TARGET = 14.0;
				MTL_ENABLE_DEBUG_INFO = NO;
				MTL_FAST_MATH = YES;
				SDKROOT = iphoneos;
				SWIFT_COMPILATION_MODE = wholemodule;
				SWIFT_OPTIMIZATION_LEVEL = "-O";
				VALIDATE_PRODUCT = YES;
			};
			name = Release;
		};
		8EE415682588F44E00F8D0F6 /* Debug */ = {
			isa = XCBuildConfiguration;
			baseConfigurationReference = A2CC313BC712F788CF6E951A /* Pods-SCCalendar.debug.xcconfig */;
			buildSettings = {
				ALWAYS_EMBED_SWIFT_STANDARD_LIBRARIES = YES;
				ASSETCATALOG_COMPILER_APPICON_NAME = AppIcon;
				ASSETCATALOG_COMPILER_GLOBAL_ACCENT_COLOR_NAME = AccentColor;
				CODE_SIGN_STYLE = Automatic;
				DEVELOPMENT_TEAM = FA6LA8D4RM;
				INFOPLIST_FILE = SCCalendar/Info.plist;
				LD_RUNPATH_SEARCH_PATHS = (
					"$(inherited)",
					"@executable_path/Frameworks",
				);
				PRODUCT_BUNDLE_IDENTIFIER = com.SCCalendar;
				PRODUCT_NAME = "$(TARGET_NAME)";
				SWIFT_VERSION = 5.0;
				TARGETED_DEVICE_FAMILY = "1,2";
			};
			name = Debug;
		};
		8EE415692588F44E00F8D0F6 /* Release */ = {
			isa = XCBuildConfiguration;
			baseConfigurationReference = 64470BD632DFDE93BECC6D84 /* Pods-SCCalendar.release.xcconfig */;
			buildSettings = {
				ALWAYS_EMBED_SWIFT_STANDARD_LIBRARIES = YES;
				ASSETCATALOG_COMPILER_APPICON_NAME = AppIcon;
				ASSETCATALOG_COMPILER_GLOBAL_ACCENT_COLOR_NAME = AccentColor;
				CODE_SIGN_STYLE = Automatic;
				DEVELOPMENT_TEAM = FA6LA8D4RM;
				INFOPLIST_FILE = SCCalendar/Info.plist;
				LD_RUNPATH_SEARCH_PATHS = (
					"$(inherited)",
					"@executable_path/Frameworks",
				);
				PRODUCT_BUNDLE_IDENTIFIER = com.SCCalendar;
				PRODUCT_NAME = "$(TARGET_NAME)";
				SWIFT_VERSION = 5.0;
				TARGETED_DEVICE_FAMILY = "1,2";
			};
			name = Release;
		};
/* End XCBuildConfiguration section */

/* Begin XCConfigurationList section */
		8850D7ED258AF00C00D87350 /* Build configuration list for PBXNativeTarget "SCCalendarWidgetExtension" */ = {
			isa = XCConfigurationList;
			buildConfigurations = (
				8850D7EB258AF00C00D87350 /* Debug */,
				8850D7EC258AF00C00D87350 /* Release */,
			);
			defaultConfigurationIsVisible = 0;
			defaultConfigurationName = Release;
		};
		8EE4154E2588F44C00F8D0F6 /* Build configuration list for PBXProject "SCCalendar" */ = {
			isa = XCConfigurationList;
			buildConfigurations = (
				8EE415652588F44E00F8D0F6 /* Debug */,
				8EE415662588F44E00F8D0F6 /* Release */,
			);
			defaultConfigurationIsVisible = 0;
			defaultConfigurationName = Release;
		};
		8EE415672588F44E00F8D0F6 /* Build configuration list for PBXNativeTarget "SCCalendar" */ = {
			isa = XCConfigurationList;
			buildConfigurations = (
				8EE415682588F44E00F8D0F6 /* Debug */,
				8EE415692588F44E00F8D0F6 /* Release */,
			);
			defaultConfigurationIsVisible = 0;
			defaultConfigurationName = Release;
		};
/* End XCConfigurationList section */
	};
	rootObject = 8EE4154B2588F44C00F8D0F6 /* Project object */;
}
